// !$*UTF8*$!
{
	archiveVersion = 1;
	classes = {
	};
	objectVersion = 56;
	objects = {

/* Begin PBXBuildFile section */
		C56734F929EB033C006461D6 /* MovieStatus.swift in Sources */ = {isa = PBXBuildFile; fileRef = C56734F829EB033C006461D6 /* MovieStatus.swift */; };
		C5AFCA2A29EA7B8400BCFD79 /* AppDelegate.swift in Sources */ = {isa = PBXBuildFile; fileRef = C5AFCA2929EA7B8400BCFD79 /* AppDelegate.swift */; };
		C5AFCA2C29EA7B8400BCFD79 /* SceneDelegate.swift in Sources */ = {isa = PBXBuildFile; fileRef = C5AFCA2B29EA7B8400BCFD79 /* SceneDelegate.swift */; };
		C5AFCA2E29EA7B8400BCFD79 /* ViewController.swift in Sources */ = {isa = PBXBuildFile; fileRef = C5AFCA2D29EA7B8400BCFD79 /* ViewController.swift */; };
		C5AFCA3129EA7B8400BCFD79 /* Main.storyboard in Resources */ = {isa = PBXBuildFile; fileRef = C5AFCA2F29EA7B8400BCFD79 /* Main.storyboard */; };
		C5AFCA3329EA7B8500BCFD79 /* Assets.xcassets in Resources */ = {isa = PBXBuildFile; fileRef = C5AFCA3229EA7B8500BCFD79 /* Assets.xcassets */; };
		C5AFCA3629EA7B8500BCFD79 /* LaunchScreen.storyboard in Resources */ = {isa = PBXBuildFile; fileRef = C5AFCA3429EA7B8500BCFD79 /* LaunchScreen.storyboard */; };
		C5AFCA4129EA7B8600BCFD79 /* MovieBudgetTests.swift in Sources */ = {isa = PBXBuildFile; fileRef = C5AFCA4029EA7B8600BCFD79 /* MovieBudgetTests.swift */; };
		C5AFCA4B29EA7B8600BCFD79 /* MovieBudgetUITests.swift in Sources */ = {isa = PBXBuildFile; fileRef = C5AFCA4A29EA7B8600BCFD79 /* MovieBudgetUITests.swift */; };
		C5AFCA4D29EA7B8600BCFD79 /* MovieBudgetUITestsLaunchTests.swift in Sources */ = {isa = PBXBuildFile; fileRef = C5AFCA4C29EA7B8600BCFD79 /* MovieBudgetUITestsLaunchTests.swift */; };
		C5AFCA5F29EA86E300BCFD79 /* MovieManager.swift in Sources */ = {isa = PBXBuildFile; fileRef = C5AFCA5E29EA86E300BCFD79 /* MovieManager.swift */; };
/* End PBXBuildFile section */

/* Begin PBXContainerItemProxy section */
		C5AFCA3D29EA7B8600BCFD79 /* PBXContainerItemProxy */ = {
			isa = PBXContainerItemProxy;
			containerPortal = C5AFCA1E29EA7B8400BCFD79 /* Project object */;
			proxyType = 1;
			remoteGlobalIDString = C5AFCA2529EA7B8400BCFD79;
			remoteInfo = MovieBudget;
		};
		C5AFCA4729EA7B8600BCFD79 /* PBXContainerItemProxy */ = {
			isa = PBXContainerItemProxy;
			containerPortal = C5AFCA1E29EA7B8400BCFD79 /* Project object */;
			proxyType = 1;
			remoteGlobalIDString = C5AFCA2529EA7B8400BCFD79;
			remoteInfo = MovieBudget;
		};
/* End PBXContainerItemProxy section */

/* Begin PBXFileReference section */
		C56734F829EB033C006461D6 /* MovieStatus.swift */ = {isa = PBXFileReference; lastKnownFileType = sourcecode.swift; path = MovieStatus.swift; sourceTree = "<group>"; };
		C5AFCA2629EA7B8400BCFD79 /* MovieBudget.app */ = {isa = PBXFileReference; explicitFileType = wrapper.application; includeInIndex = 0; path = MovieBudget.app; sourceTree = BUILT_PRODUCTS_DIR; };
		C5AFCA2929EA7B8400BCFD79 /* AppDelegate.swift */ = {isa = PBXFileReference; lastKnownFileType = sourcecode.swift; path = AppDelegate.swift; sourceTree = "<group>"; };
		C5AFCA2B29EA7B8400BCFD79 /* SceneDelegate.swift */ = {isa = PBXFileReference; lastKnownFileType = sourcecode.swift; path = SceneDelegate.swift; sourceTree = "<group>"; };
		C5AFCA2D29EA7B8400BCFD79 /* ViewController.swift */ = {isa = PBXFileReference; lastKnownFileType = sourcecode.swift; path = ViewController.swift; sourceTree = "<group>"; };
		C5AFCA3029EA7B8400BCFD79 /* Base */ = {isa = PBXFileReference; lastKnownFileType = file.storyboard; name = Base; path = Base.lproj/Main.storyboard; sourceTree = "<group>"; };
		C5AFCA3229EA7B8500BCFD79 /* Assets.xcassets */ = {isa = PBXFileReference; lastKnownFileType = folder.assetcatalog; path = Assets.xcassets; sourceTree = "<group>"; };
		C5AFCA3529EA7B8500BCFD79 /* Base */ = {isa = PBXFileReference; lastKnownFileType = file.storyboard; name = Base; path = Base.lproj/LaunchScreen.storyboard; sourceTree = "<group>"; };
		C5AFCA3729EA7B8500BCFD79 /* Info.plist */ = {isa = PBXFileReference; lastKnownFileType = text.plist.xml; path = Info.plist; sourceTree = "<group>"; };
		C5AFCA3C29EA7B8600BCFD79 /* MovieBudgetTests.xctest */ = {isa = PBXFileReference; explicitFileType = wrapper.cfbundle; includeInIndex = 0; path = MovieBudgetTests.xctest; sourceTree = BUILT_PRODUCTS_DIR; };
		C5AFCA4029EA7B8600BCFD79 /* MovieBudgetTests.swift */ = {isa = PBXFileReference; lastKnownFileType = sourcecode.swift; path = MovieBudgetTests.swift; sourceTree = "<group>"; };
		C5AFCA4629EA7B8600BCFD79 /* MovieBudgetUITests.xctest */ = {isa = PBXFileReference; explicitFileType = wrapper.cfbundle; includeInIndex = 0; path = MovieBudgetUITests.xctest; sourceTree = BUILT_PRODUCTS_DIR; };
		C5AFCA4A29EA7B8600BCFD79 /* MovieBudgetUITests.swift */ = {isa = PBXFileReference; lastKnownFileType = sourcecode.swift; path = MovieBudgetUITests.swift; sourceTree = "<group>"; };
		C5AFCA4C29EA7B8600BCFD79 /* MovieBudgetUITestsLaunchTests.swift */ = {isa = PBXFileReference; lastKnownFileType = sourcecode.swift; path = MovieBudgetUITestsLaunchTests.swift; sourceTree = "<group>"; };
		C5AFCA5E29EA86E300BCFD79 /* MovieManager.swift */ = {isa = PBXFileReference; lastKnownFileType = sourcecode.swift; path = MovieManager.swift; sourceTree = "<group>"; };
/* End PBXFileReference section */

/* Begin PBXFrameworksBuildPhase section */
		C5AFCA2329EA7B8400BCFD79 /* Frameworks */ = {
			isa = PBXFrameworksBuildPhase;
			buildActionMask = 2147483647;
			files = (
			);
			runOnlyForDeploymentPostprocessing = 0;
		};
		C5AFCA3929EA7B8600BCFD79 /* Frameworks */ = {
			isa = PBXFrameworksBuildPhase;
			buildActionMask = 2147483647;
			files = (
			);
			runOnlyForDeploymentPostprocessing = 0;
		};
		C5AFCA4329EA7B8600BCFD79 /* Frameworks */ = {
			isa = PBXFrameworksBuildPhase;
			buildActionMask = 2147483647;
			files = (
			);
			runOnlyForDeploymentPostprocessing = 0;
		};
/* End PBXFrameworksBuildPhase section */

/* Begin PBXGroup section */
		C5AFCA1D29EA7B8400BCFD79 = {
			isa = PBXGroup;
			children = (
				C5AFCA2829EA7B8400BCFD79 /* MovieBudget */,
				C5AFCA3F29EA7B8600BCFD79 /* MovieBudgetTests */,
				C5AFCA4929EA7B8600BCFD79 /* MovieBudgetUITests */,
				C5AFCA2729EA7B8400BCFD79 /* Products */,
			);
			sourceTree = "<group>";
		};
		C5AFCA2729EA7B8400BCFD79 /* Products */ = {
			isa = PBXGroup;
			children = (
				C5AFCA2629EA7B8400BCFD79 /* MovieBudget.app */,
				C5AFCA3C29EA7B8600BCFD79 /* MovieBudgetTests.xctest */,
				C5AFCA4629EA7B8600BCFD79 /* MovieBudgetUITests.xctest */,
			);
			name = Products;
			sourceTree = "<group>";
		};
		C5AFCA2829EA7B8400BCFD79 /* MovieBudget */ = {
			isa = PBXGroup;
			children = (
				C5AFCA2929EA7B8400BCFD79 /* AppDelegate.swift */,
				C5AFCA2B29EA7B8400BCFD79 /* SceneDelegate.swift */,
				C5AFCA3229EA7B8500BCFD79 /* Assets.xcassets */,
				C5AFCA5D29EA86C900BCFD79 /* Model */,
				C5AFCA5C29EA85D200BCFD79 /* View */,
				C5AFCA5A29EA856A00BCFD79 /* Controller */,
				C5AFCA3429EA7B8500BCFD79 /* LaunchScreen.storyboard */,
				C5AFCA3729EA7B8500BCFD79 /* Info.plist */,
			);
			path = MovieBudget;
			sourceTree = "<group>";
		};
		C5AFCA3F29EA7B8600BCFD79 /* MovieBudgetTests */ = {
			isa = PBXGroup;
			children = (
				C5AFCA4029EA7B8600BCFD79 /* MovieBudgetTests.swift */,
			);
			path = MovieBudgetTests;
			sourceTree = "<group>";
		};
		C5AFCA4929EA7B8600BCFD79 /* MovieBudgetUITests */ = {
			isa = PBXGroup;
			children = (
				C5AFCA4A29EA7B8600BCFD79 /* MovieBudgetUITests.swift */,
				C5AFCA4C29EA7B8600BCFD79 /* MovieBudgetUITestsLaunchTests.swift */,
			);
			path = MovieBudgetUITests;
			sourceTree = "<group>";
		};
		C5AFCA5A29EA856A00BCFD79 /* Controller */ = {
			isa = PBXGroup;
			children = (
				C5AFCA2D29EA7B8400BCFD79 /* ViewController.swift */,
			);
			path = Controller;
			sourceTree = "<group>";
		};
		C5AFCA5C29EA85D200BCFD79 /* View */ = {
			isa = PBXGroup;
			children = (
				C5AFCA2F29EA7B8400BCFD79 /* Main.storyboard */,
			);
			path = View;
			sourceTree = "<group>";
		};
		C5AFCA5D29EA86C900BCFD79 /* Model */ = {
			isa = PBXGroup;
			children = (
				C5AFCA5E29EA86E300BCFD79 /* MovieManager.swift */,
				C56734F829EB033C006461D6 /* MovieStatus.swift */,
			);
			path = Model;
			sourceTree = "<group>";
		};
/* End PBXGroup section */

/* Begin PBXNativeTarget section */
		C5AFCA2529EA7B8400BCFD79 /* MovieBudget */ = {
			isa = PBXNativeTarget;
			buildConfigurationList = C5AFCA5029EA7B8600BCFD79 /* Build configuration list for PBXNativeTarget "MovieBudget" */;
			buildPhases = (
				C5AFCA2229EA7B8400BCFD79 /* Sources */,
				C5AFCA2329EA7B8400BCFD79 /* Frameworks */,
				C5AFCA2429EA7B8400BCFD79 /* Resources */,
			);
			buildRules = (
			);
			dependencies = (
			);
			name = MovieBudget;
			productName = MovieBudget;
			productReference = C5AFCA2629EA7B8400BCFD79 /* MovieBudget.app */;
			productType = "com.apple.product-type.application";
		};
		C5AFCA3B29EA7B8600BCFD79 /* MovieBudgetTests */ = {
			isa = PBXNativeTarget;
			buildConfigurationList = C5AFCA5329EA7B8600BCFD79 /* Build configuration list for PBXNativeTarget "MovieBudgetTests" */;
			buildPhases = (
				C5AFCA3829EA7B8600BCFD79 /* Sources */,
				C5AFCA3929EA7B8600BCFD79 /* Frameworks */,
				C5AFCA3A29EA7B8600BCFD79 /* Resources */,
			);
			buildRules = (
			);
			dependencies = (
				C5AFCA3E29EA7B8600BCFD79 /* PBXTargetDependency */,
			);
			name = MovieBudgetTests;
			productName = MovieBudgetTests;
			productReference = C5AFCA3C29EA7B8600BCFD79 /* MovieBudgetTests.xctest */;
			productType = "com.apple.product-type.bundle.unit-test";
		};
		C5AFCA4529EA7B8600BCFD79 /* MovieBudgetUITests */ = {
			isa = PBXNativeTarget;
			buildConfigurationList = C5AFCA5629EA7B8600BCFD79 /* Build configuration list for PBXNativeTarget "MovieBudgetUITests" */;
			buildPhases = (
				C5AFCA4229EA7B8600BCFD79 /* Sources */,
				C5AFCA4329EA7B8600BCFD79 /* Frameworks */,
				C5AFCA4429EA7B8600BCFD79 /* Resources */,
			);
			buildRules = (
			);
			dependencies = (
				C5AFCA4829EA7B8600BCFD79 /* PBXTargetDependency */,
			);
			name = MovieBudgetUITests;
			productName = MovieBudgetUITests;
			productReference = C5AFCA4629EA7B8600BCFD79 /* MovieBudgetUITests.xctest */;
			productType = "com.apple.product-type.bundle.ui-testing";
		};
/* End PBXNativeTarget section */

/* Begin PBXProject section */
		C5AFCA1E29EA7B8400BCFD79 /* Project object */ = {
			isa = PBXProject;
			attributes = {
				BuildIndependentTargetsInParallel = 1;
				LastSwiftUpdateCheck = 1430;
				LastUpgradeCheck = 1430;
				TargetAttributes = {
					C5AFCA2529EA7B8400BCFD79 = {
						CreatedOnToolsVersion = 14.3;
					};
					C5AFCA3B29EA7B8600BCFD79 = {
						CreatedOnToolsVersion = 14.3;
						TestTargetID = C5AFCA2529EA7B8400BCFD79;
					};
					C5AFCA4529EA7B8600BCFD79 = {
						CreatedOnToolsVersion = 14.3;
						TestTargetID = C5AFCA2529EA7B8400BCFD79;
					};
				};
			};
			buildConfigurationList = C5AFCA2129EA7B8400BCFD79 /* Build configuration list for PBXProject "MovieBudget" */;
			compatibilityVersion = "Xcode 14.0";
			developmentRegion = en;
			hasScannedForEncodings = 0;
			knownRegions = (
				en,
				Base,
			);
			mainGroup = C5AFCA1D29EA7B8400BCFD79;
			productRefGroup = C5AFCA2729EA7B8400BCFD79 /* Products */;
			projectDirPath = "";
			projectRoot = "";
			targets = (
				C5AFCA2529EA7B8400BCFD79 /* MovieBudget */,
				C5AFCA3B29EA7B8600BCFD79 /* MovieBudgetTests */,
				C5AFCA4529EA7B8600BCFD79 /* MovieBudgetUITests */,
			);
		};
/* End PBXProject section */

/* Begin PBXResourcesBuildPhase section */
		C5AFCA2429EA7B8400BCFD79 /* Resources */ = {
			isa = PBXResourcesBuildPhase;
			buildActionMask = 2147483647;
			files = (
				C5AFCA3629EA7B8500BCFD79 /* LaunchScreen.storyboard in Resources */,
				C5AFCA3329EA7B8500BCFD79 /* Assets.xcassets in Resources */,
				C5AFCA3129EA7B8400BCFD79 /* Main.storyboard in Resources */,
			);
			runOnlyForDeploymentPostprocessing = 0;
		};
		C5AFCA3A29EA7B8600BCFD79 /* Resources */ = {
			isa = PBXResourcesBuildPhase;
			buildActionMask = 2147483647;
			files = (
			);
			runOnlyForDeploymentPostprocessing = 0;
		};
		C5AFCA4429EA7B8600BCFD79 /* Resources */ = {
			isa = PBXResourcesBuildPhase;
			buildActionMask = 2147483647;
			files = (
			);
			runOnlyForDeploymentPostprocessing = 0;
		};
/* End PBXResourcesBuildPhase section */

/* Begin PBXSourcesBuildPhase section */
		C5AFCA2229EA7B8400BCFD79 /* Sources */ = {
			isa = PBXSourcesBuildPhase;
			buildActionMask = 2147483647;
			files = (
				C5AFCA5F29EA86E300BCFD79 /* MovieManager.swift in Sources */,
				C56734F929EB033C006461D6 /* MovieStatus.swift in Sources */,
				C5AFCA2E29EA7B8400BCFD79 /* ViewController.swift in Sources */,
				C5AFCA2A29EA7B8400BCFD79 /* AppDelegate.swift in Sources */,
				C5AFCA2C29EA7B8400BCFD79 /* SceneDelegate.swift in Sources */,
			);
			runOnlyForDeploymentPostprocessing = 0;
		};
		C5AFCA3829EA7B8600BCFD79 /* Sources */ = {
			isa = PBXSourcesBuildPhase;
			buildActionMask = 2147483647;
			files = (
				C5AFCA4129EA7B8600BCFD79 /* MovieBudgetTests.swift in Sources */,
			);
			runOnlyForDeploymentPostprocessing = 0;
		};
		C5AFCA4229EA7B8600BCFD79 /* Sources */ = {
			isa = PBXSourcesBuildPhase;
			buildActionMask = 2147483647;
			files = (
				C5AFCA4D29EA7B8600BCFD79 /* MovieBudgetUITestsLaunchTests.swift in Sources */,
				C5AFCA4B29EA7B8600BCFD79 /* MovieBudgetUITests.swift in Sources */,
			);
			runOnlyForDeploymentPostprocessing = 0;
		};
/* End PBXSourcesBuildPhase section */

/* Begin PBXTargetDependency section */
		C5AFCA3E29EA7B8600BCFD79 /* PBXTargetDependency */ = {
			isa = PBXTargetDependency;
			target = C5AFCA2529EA7B8400BCFD79 /* MovieBudget */;
			targetProxy = C5AFCA3D29EA7B8600BCFD79 /* PBXContainerItemProxy */;
		};
		C5AFCA4829EA7B8600BCFD79 /* PBXTargetDependency */ = {
			isa = PBXTargetDependency;
			target = C5AFCA2529EA7B8400BCFD79 /* MovieBudget */;
			targetProxy = C5AFCA4729EA7B8600BCFD79 /* PBXContainerItemProxy */;
		};
/* End PBXTargetDependency section */

/* Begin PBXVariantGroup section */
		C5AFCA2F29EA7B8400BCFD79 /* Main.storyboard */ = {
			isa = PBXVariantGroup;
			children = (
				C5AFCA3029EA7B8400BCFD79 /* Base */,
			);
			name = Main.storyboard;
			sourceTree = "<group>";
		};
		C5AFCA3429EA7B8500BCFD79 /* LaunchScreen.storyboard */ = {
			isa = PBXVariantGroup;
			children = (
				C5AFCA3529EA7B8500BCFD79 /* Base */,
			);
			name = LaunchScreen.storyboard;
			sourceTree = "<group>";
		};
/* End PBXVariantGroup section */

/* Begin XCBuildConfiguration section */
		C5AFCA4E29EA7B8600BCFD79 /* Debug */ = {
			isa = XCBuildConfiguration;
			buildSettings = {
				ALWAYS_SEARCH_USER_PATHS = NO;
				CLANG_ANALYZER_NONNULL = YES;
				CLANG_ANALYZER_NUMBER_OBJECT_CONVERSION = YES_AGGRESSIVE;
				CLANG_CXX_LANGUAGE_STANDARD = "gnu++20";
				CLANG_ENABLE_MODULES = YES;
				CLANG_ENABLE_OBJC_ARC = YES;
				CLANG_ENABLE_OBJC_WEAK = YES;
				CLANG_WARN_BLOCK_CAPTURE_AUTORELEASING = YES;
				CLANG_WARN_BOOL_CONVERSION = YES;
				CLANG_WARN_COMMA = YES;
				CLANG_WARN_CONSTANT_CONVERSION = YES;
				CLANG_WARN_DEPRECATED_OBJC_IMPLEMENTATIONS = YES;
				CLANG_WARN_DIRECT_OBJC_ISA_USAGE = YES_ERROR;
				CLANG_WARN_DOCUMENTATION_COMMENTS = YES;
				CLANG_WARN_EMPTY_BODY = YES;
				CLANG_WARN_ENUM_CONVERSION = YES;
				CLANG_WARN_INFINITE_RECURSION = YES;
				CLANG_WARN_INT_CONVERSION = YES;
				CLANG_WARN_NON_LITERAL_NULL_CONVERSION = YES;
				CLANG_WARN_OBJC_IMPLICIT_RETAIN_SELF = YES;
				CLANG_WARN_OBJC_LITERAL_CONVERSION = YES;
				CLANG_WARN_OBJC_ROOT_CLASS = YES_ERROR;
				CLANG_WARN_QUOTED_INCLUDE_IN_FRAMEWORK_HEADER = YES;
				CLANG_WARN_RANGE_LOOP_ANALYSIS = YES;
				CLANG_WARN_STRICT_PROTOTYPES = YES;
				CLANG_WARN_SUSPICIOUS_MOVE = YES;
				CLANG_WARN_UNGUARDED_AVAILABILITY = YES_AGGRESSIVE;
				CLANG_WARN_UNREACHABLE_CODE = YES;
				CLANG_WARN__DUPLICATE_METHOD_MATCH = YES;
				COPY_PHASE_STRIP = NO;
				DEBUG_INFORMATION_FORMAT = dwarf;
				ENABLE_STRICT_OBJC_MSGSEND = YES;
				ENABLE_TESTABILITY = YES;
				GCC_C_LANGUAGE_STANDARD = gnu11;
				GCC_DYNAMIC_NO_PIC = NO;
				GCC_NO_COMMON_BLOCKS = YES;
				GCC_OPTIMIZATION_LEVEL = 0;
				GCC_PREPROCESSOR_DEFINITIONS = (
					"DEBUG=1",
					"$(inherited)",
				);
				GCC_WARN_64_TO_32_BIT_CONVERSION = YES;
				GCC_WARN_ABOUT_RETURN_TYPE = YES_ERROR;
				GCC_WARN_UNDECLARED_SELECTOR = YES;
				GCC_WARN_UNINITIALIZED_AUTOS = YES_AGGRESSIVE;
				GCC_WARN_UNUSED_FUNCTION = YES;
				GCC_WARN_UNUSED_VARIABLE = YES;
				IPHONEOS_DEPLOYMENT_TARGET = 16.4;
				MTL_ENABLE_DEBUG_INFO = INCLUDE_SOURCE;
				MTL_FAST_MATH = YES;
				ONLY_ACTIVE_ARCH = YES;
				SDKROOT = iphoneos;
				SWIFT_ACTIVE_COMPILATION_CONDITIONS = DEBUG;
				SWIFT_OPTIMIZATION_LEVEL = "-Onone";
			};
			name = Debug;
		};
		C5AFCA4F29EA7B8600BCFD79 /* Release */ = {
			isa = XCBuildConfiguration;
			buildSettings = {
				ALWAYS_SEARCH_USER_PATHS = NO;
				CLANG_ANALYZER_NONNULL = YES;
				CLANG_ANALYZER_NUMBER_OBJECT_CONVERSION = YES_AGGRESSIVE;
				CLANG_CXX_LANGUAGE_STANDARD = "gnu++20";
				CLANG_ENABLE_MODULES = YES;
				CLANG_ENABLE_OBJC_ARC = YES;
				CLANG_ENABLE_OBJC_WEAK = YES;
				CLANG_WARN_BLOCK_CAPTURE_AUTORELEASING = YES;
				CLANG_WARN_BOOL_CONVERSION = YES;
				CLANG_WARN_COMMA = YES;
				CLANG_WARN_CONSTANT_CONVERSION = YES;
				CLANG_WARN_DEPRECATED_OBJC_IMPLEMENTATIONS = YES;
				CLANG_WARN_DIRECT_OBJC_ISA_USAGE = YES_ERROR;
				CLANG_WARN_DOCUMENTATION_COMMENTS = YES;
				CLANG_WARN_EMPTY_BODY = YES;
				CLANG_WARN_ENUM_CONVERSION = YES;
				CLANG_WARN_INFINITE_RECURSION = YES;
				CLANG_WARN_INT_CONVERSION = YES;
				CLANG_WARN_NON_LITERAL_NULL_CONVERSION = YES;
				CLANG_WARN_OBJC_IMPLICIT_RETAIN_SELF = YES;
				CLANG_WARN_OBJC_LITERAL_CONVERSION = YES;
				CLANG_WARN_OBJC_ROOT_CLASS = YES_ERROR;
				CLANG_WARN_QUOTED_INCLUDE_IN_FRAMEWORK_HEADER = YES;
				CLANG_WARN_RANGE_LOOP_ANALYSIS = YES;
				CLANG_WARN_STRICT_PROTOTYPES = YES;
				CLANG_WARN_SUSPICIOUS_MOVE = YES;
				CLANG_WARN_UNGUARDED_AVAILABILITY = YES_AGGRESSIVE;
				CLANG_WARN_UNREACHABLE_CODE = YES;
				CLANG_WARN__DUPLICATE_METHOD_MATCH = YES;
				COPY_PHASE_STRIP = NO;
				DEBUG_INFORMATION_FORMAT = "dwarf-with-dsym";
				ENABLE_NS_ASSERTIONS = NO;
				ENABLE_STRICT_OBJC_MSGSEND = YES;
				GCC_C_LANGUAGE_STANDARD = gnu11;
				GCC_NO_COMMON_BLOCKS = YES;
				GCC_WARN_64_TO_32_BIT_CONVERSION = YES;
				GCC_WARN_ABOUT_RETURN_TYPE = YES_ERROR;
				GCC_WARN_UNDECLARED_SELECTOR = YES;
				GCC_WARN_UNINITIALIZED_AUTOS = YES_AGGRESSIVE;
				GCC_WARN_UNUSED_FUNCTION = YES;
				GCC_WARN_UNUSED_VARIABLE = YES;
				IPHONEOS_DEPLOYMENT_TARGET = 16.4;
				MTL_ENABLE_DEBUG_INFO = NO;
				MTL_FAST_MATH = YES;
				SDKROOT = iphoneos;
				SWIFT_COMPILATION_MODE = wholemodule;
				SWIFT_OPTIMIZATION_LEVEL = "-O";
				VALIDATE_PRODUCT = YES;
			};
			name = Release;
		};
		C5AFCA5129EA7B8600BCFD79 /* Debug */ = {
			isa = XCBuildConfiguration;
			buildSettings = {
				ASSETCATALOG_COMPILER_APPICON_NAME = AppIcon;
				ASSETCATALOG_COMPILER_GLOBAL_ACCENT_COLOR_NAME = AccentColor;
				CODE_SIGN_STYLE = Automatic;
				CURRENT_PROJECT_VERSION = 1;
				GENERATE_INFOPLIST_FILE = YES;
				INFOPLIST_FILE = MovieBudget/Info.plist;
				INFOPLIST_KEY_UIApplicationSupportsIndirectInputEvents = YES;
				INFOPLIST_KEY_UILaunchStoryboardName = LaunchScreen;
				INFOPLIST_KEY_UIMainStoryboardFile = Main;
				INFOPLIST_KEY_UISupportedInterfaceOrientations_iPad = "UIInterfaceOrientationPortrait UIInterfaceOrientationPortraitUpsideDown UIInterfaceOrientationLandscapeLeft UIInterfaceOrientationLandscapeRight";
				INFOPLIST_KEY_UISupportedInterfaceOrientations_iPhone = "UIInterfaceOrientationPortrait UIInterfaceOrientationLandscapeLeft UIInterfaceOrientationLandscapeRight";
				LD_RUNPATH_SEARCH_PATHS = (
					"$(inherited)",
					"@executable_path/Frameworks",
				);
				MARKETING_VERSION = 1.0;
				PRODUCT_BUNDLE_IDENTIFIER = com.sandeep.MovieBudget;
				PRODUCT_NAME = "$(TARGET_NAME)";
				SWIFT_EMIT_LOC_STRINGS = YES;
				SWIFT_VERSION = 5.0;
				TARGETED_DEVICE_FAMILY = "1,2";
			};
			name = Debug;
		};
		C5AFCA5229EA7B8600BCFD79 /* Release */ = {
			isa = XCBuildConfiguration;
			buildSettings = {
				ASSETCATALOG_COMPILER_APPICON_NAME = AppIcon;
				ASSETCATALOG_COMPILER_GLOBAL_ACCENT_COLOR_NAME = AccentColor;
				CODE_SIGN_STYLE = Automatic;
				CURRENT_PROJECT_VERSION = 1;
				GENERATE_INFOPLIST_FILE = YES;
				INFOPLIST_FILE = MovieBudget/Info.plist;
				INFOPLIST_KEY_UIApplicationSupportsIndirectInputEvents = YES;
				INFOPLIST_KEY_UILaunchStoryboardName = LaunchScreen;
				INFOPLIST_KEY_UIMainStoryboardFile = Main;
				INFOPLIST_KEY_UISupportedInterfaceOrientations_iPad = "UIInterfaceOrientationPortrait UIInterfaceOrientationPortraitUpsideDown UIInterfaceOrientationLandscapeLeft UIInterfaceOrientationLandscapeRight";
				INFOPLIST_KEY_UISupportedInterfaceOrientations_iPhone = "UIInterfaceOrientationPortrait UIInterfaceOrientationLandscapeLeft UIInterfaceOrientationLandscapeRight";
				LD_RUNPATH_SEARCH_PATHS = (
					"$(inherited)",
					"@executable_path/Frameworks",
				);
				MARKETING_VERSION = 1.0;
				PRODUCT_BUNDLE_IDENTIFIER = com.sandeep.MovieBudget;
				PRODUCT_NAME = "$(TARGET_NAME)";
				SWIFT_EMIT_LOC_STRINGS = YES;
				SWIFT_VERSION = 5.0;
				TARGETED_DEVICE_FAMILY = "1,2";
			};
			name = Release;
		};
		C5AFCA5429EA7B8600BCFD79 /* Debug */ = {
			isa = XCBuildConfiguration;
			buildSettings = {
				ALWAYS_EMBED_SWIFT_STANDARD_LIBRARIES = YES;
				BUNDLE_LOADER = "$(TEST_HOST)";
				CODE_SIGN_STYLE = Automatic;
				CURRENT_PROJECT_VERSION = 1;
				GENERATE_INFOPLIST_FILE = YES;
				IPHONEOS_DEPLOYMENT_TARGET = 16.4;
				MARKETING_VERSION = 1.0;
				PRODUCT_BUNDLE_IDENTIFIER = com.sandeep.MovieBudgetTests;
				PRODUCT_NAME = "$(TARGET_NAME)";
				SWIFT_EMIT_LOC_STRINGS = NO;
				SWIFT_VERSION = 5.0;
				TARGETED_DEVICE_FAMILY = "1,2";
				TEST_HOST = "$(BUILT_PRODUCTS_DIR)/MovieBudget.app/$(BUNDLE_EXECUTABLE_FOLDER_PATH)/MovieBudget";
			};
			name = Debug;
		};
		C5AFCA5529EA7B8600BCFD79 /* Release */ = {
			isa = XCBuildConfiguration;
			buildSettings = {
				ALWAYS_EMBED_SWIFT_STANDARD_LIBRARIES = YES;
				BUNDLE_LOADER = "$(TEST_HOST)";
				CODE_SIGN_STYLE = Automatic;
				CURRENT_PROJECT_VERSION = 1;
				GENERATE_INFOPLIST_FILE = YES;
				IPHONEOS_DEPLOYMENT_TARGET = 16.4;
				MARKETING_VERSION = 1.0;
				PRODUCT_BUNDLE_IDENTIFIER = com.sandeep.MovieBudgetTests;
				PRODUCT_NAME = "$(TARGET_NAME)";
				SWIFT_EMIT_LOC_STRINGS = NO;
				SWIFT_VERSION = 5.0;
				TARGETED_DEVICE_FAMILY = "1,2";
				TEST_HOST = "$(BUILT_PRODUCTS_DIR)/MovieBudget.app/$(BUNDLE_EXECUTABLE_FOLDER_PATH)/MovieBudget";
			};
			name = Release;
		};
		C5AFCA5729EA7B8600BCFD79 /* Debug */ = {
			isa = XCBuildConfiguration;
			buildSettings = {
				ALWAYS_EMBED_SWIFT_STANDARD_LIBRARIES = YES;
				CODE_SIGN_STYLE = Automatic;
				CURRENT_PROJECT_VERSION = 1;
				GENERATE_INFOPLIST_FILE = YES;
				MARKETING_VERSION = 1.0;
				PRODUCT_BUNDLE_IDENTIFIER = com.sandeep.MovieBudgetUITests;
				PRODUCT_NAME = "$(TARGET_NAME)";
				SWIFT_EMIT_LOC_STRINGS = NO;
				SWIFT_VERSION = 5.0;
				TARGETED_DEVICE_FAMILY = "1,2";
				TEST_TARGET_NAME = MovieBudget;
			};
			name = Debug;
		};
		C5AFCA5829EA7B8600BCFD79 /* Release */ = {
			isa = XCBuildConfiguration;
			buildSettings = {
				ALWAYS_EMBED_SWIFT_STANDARD_LIBRARIES = YES;
				CODE_SIGN_STYLE = Automatic;
				CURRENT_PROJECT_VERSION = 1;
				GENERATE_INFOPLIST_FILE = YES;
				MARKETING_VERSION = 1.0;
				PRODUCT_BUNDLE_IDENTIFIER = com.sandeep.MovieBudgetUITests;
				PRODUCT_NAME = "$(TARGET_NAME)";
				SWIFT_EMIT_LOC_STRINGS = NO;
				SWIFT_VERSION = 5.0;
				TARGETED_DEVICE_FAMILY = "1,2";
				TEST_TARGET_NAME = MovieBudget;
			};
			name = Release;
		};
/* End XCBuildConfiguration section */

/* Begin XCConfigurationList section */
		C5AFCA2129EA7B8400BCFD79 /* Build configuration list for PBXProject "MovieBudget" */ = {
			isa = XCConfigurationList;
			buildConfigurations = (
				C5AFCA4E29EA7B8600BCFD79 /* Debug */,
				C5AFCA4F29EA7B8600BCFD79 /* Release */,
			);
			defaultConfigurationIsVisible = 0;
			defaultConfigurationName = Release;
		};
		C5AFCA5029EA7B8600BCFD79 /* Build configuration list for PBXNativeTarget "MovieBudget" */ = {
			isa = XCConfigurationList;
			buildConfigurations = (
				C5AFCA5129EA7B8600BCFD79 /* Debug */,
				C5AFCA5229EA7B8600BCFD79 /* Release */,
			);
			defaultConfigurationIsVisible = 0;
			defaultConfigurationName = Release;
		};
		C5AFCA5329EA7B8600BCFD79 /* Build configuration list for PBXNativeTarget "MovieBudgetTests" */ = {
			isa = XCConfigurationList;
			buildConfigurations = (
				C5AFCA5429EA7B8600BCFD79 /* Debug */,
				C5AFCA5529EA7B8600BCFD79 /* Release */,
			);
			defaultConfigurationIsVisible = 0;
			defaultConfigurationName = Release;
		};
		C5AFCA5629EA7B8600BCFD79 /* Build configuration list for PBXNativeTarget "MovieBudgetUITests" */ = {
			isa = XCConfigurationList;
			buildConfigurations = (
				C5AFCA5729EA7B8600BCFD79 /* Debug */,
				C5AFCA5829EA7B8600BCFD79 /* Release */,
			);
			defaultConfigurationIsVisible = 0;
			defaultConfigurationName = Release;
		};
/* End XCConfigurationList section */
	};
	rootObject = C5AFCA1E29EA7B8400BCFD79 /* Project object */;
}
